
Microsoft Visual Studio Solution File, Format Version 12.00
# Visual Studio Version 17
VisualStudioVersion = 17.11.35303.130
MinimumVisualStudioVersion = 10.0.40219.1
Project("{9A19103F-16F7-4668-BE54-9A1E7A4F7556}") = "FinalVirtualBot.Server", "FinalVirtualBot.Server\FinalVirtualBot.Server.csproj", "{D3FA6057-BB91-4D05-A7E9-7348C1CC24BA}"
EndProject
Project("{54A90642-561A-4BB1-A94E-469ADEE60C69}") = "finalvirtualbot.client", "finalvirtualbot.client\finalvirtualbot.client.esproj", "{4C0A6A9E-3A21-47CB-A9C4-5665945A690C}"
EndProject
Project("{FAE04EC0-301F-11D3-BF4B-00C04F79EFBC}") = "TestBackend", "TestBackend\TestBackend.csproj", "{CF28B87E-D516-4D8F-A716-32BC08A0E417}"
EndProject
Project("{2150E333-8FDC-42A3-9474-1A3956D46DE8}") = "Solution Items", "Solution Items", "{439EEE69-4483-4586-8939-BF196A34D077}"
	ProjectSection(SolutionItems) = preProject
		.editorconfig = .editorconfig
	EndProjectSection
EndProject
Global
	GlobalSection(SolutionConfigurationPlatforms) = preSolution
		Debug|Any CPU = Debug|Any CPU
		Release|Any CPU = Release|Any CPU
	EndGlobalSection
	GlobalSection(ProjectConfigurationPlatforms) = postSolution
		{D3FA6057-BB91-4D05-A7E9-7348C1CC24BA}.Debug|Any CPU.ActiveCfg = Debug|Any CPU
		{D3FA6057-BB91-4D05-A7E9-7348C1CC24BA}.Debug|Any CPU.Build.0 = Debug|Any CPU
		{D3FA6057-BB91-4D05-A7E9-7348C1CC24BA}.Release|Any CPU.ActiveCfg = Release|Any CPU
		{D3FA6057-BB91-4D05-A7E9-7348C1CC24BA}.Release|Any CPU.Build.0 = Release|Any CPU
		{4C0A6A9E-3A21-47CB-A9C4-5665945A690C}.Debug|Any CPU.ActiveCfg = Debug|Any CPU
		{4C0A6A9E-3A21-47CB-A9C4-5665945A690C}.Debug|Any CPU.Build.0 = Debug|Any CPU
		{4C0A6A9E-3A21-47CB-A9C4-5665945A690C}.Debug|Any CPU.Deploy.0 = Debug|Any CPU
		{4C0A6A9E-3A21-47CB-A9C4-5665945A690C}.Release|Any CPU.ActiveCfg = Release|Any CPU
		{4C0A6A9E-3A21-47CB-A9C4-5665945A690C}.Release|Any CPU.Build.0 = Release|Any CPU
		{4C0A6A9E-3A21-47CB-A9C4-5665945A690C}.Release|Any CPU.Deploy.0 = Release|Any CPU
		{CF28B87E-D516-4D8F-A716-32BC08A0E417}.Debug|Any CPU.ActiveCfg = Debug|Any CPU
		{CF28B87E-D516-4D8F-A716-32BC08A0E417}.Debug|Any CPU.Build.0 = Debug|Any CPU
		{CF28B87E-D516-4D8F-A716-32BC08A0E417}.Release|Any CPU.ActiveCfg = Release|Any CPU
		{CF28B87E-D516-4D8F-A716-32BC08A0E417}.Release|Any CPU.Build.0 = Release|Any CPU
	EndGlobalSection
	GlobalSection(SolutionProperties) = preSolution
		HideSolutionNode = FALSE
	EndGlobalSection
	GlobalSection(ExtensibilityGlobals) = postSolution
		SolutionGuid = {FEC13F30-D3E8-459C-BDD5-0B19166D2F8A}
	EndGlobalSection
EndGlobal
